
Microsoft Visual Studio Solution File, Format Version 12.00
# Visual Studio 15
VisualStudioVersion = 15.0.27130.2027
MinimumVisualStudioVersion = 10.0.40219.1
Project("{FAE04EC0-301F-11D3-BF4B-00C04F79EFBC}") = "ADN.UI", "ADN.UI\ADN.UI.csproj", "{1E7E9C7B-5A1F-4381-84DF-7A5074B1BBEF}"
EndProject
Project("{FAE04EC0-301F-11D3-BF4B-00C04F79EFBC}") = "ADN.Service", "ADN.Service\ADN.Service.csproj", "{B36C6D96-FA86-4FB3-B561-C32A3DADD3E6}"
EndProject
Project("{FAE04EC0-301F-11D3-BF4B-00C04F79EFBC}") = "ADN.Data", "ADN.Data\ADN.Data.csproj", "{10612B5E-7FD6-4CF2-B434-6C9B68536B05}"
EndProject
Global
	GlobalSection(SolutionConfigurationPlatforms) = preSolution
		Debug|Any CPU = Debug|Any CPU
		Release|Any CPU = Release|Any CPU
	EndGlobalSection
	GlobalSection(ProjectConfigurationPlatforms) = postSolution
		{1E7E9C7B-5A1F-4381-84DF-7A5074B1BBEF}.Debug|Any CPU.ActiveCfg = Debug|Any CPU
		{1E7E9C7B-5A1F-4381-84DF-7A5074B1BBEF}.Debug|Any CPU.Build.0 = Debug|Any CPU
		{1E7E9C7B-5A1F-4381-84DF-7A5074B1BBEF}.Release|Any CPU.ActiveCfg = Release|Any CPU
		{1E7E9C7B-5A1F-4381-84DF-7A5074B1BBEF}.Release|Any CPU.Build.0 = Release|Any CPU
		{B36C6D96-FA86-4FB3-B561-C32A3DADD3E6}.Debug|Any CPU.ActiveCfg = Debug|Any CPU
		{B36C6D96-FA86-4FB3-B561-C32A3DADD3E6}.Debug|Any CPU.Build.0 = Debug|Any CPU
		{B36C6D96-FA86-4FB3-B561-C32A3DADD3E6}.Release|Any CPU.ActiveCfg = Release|Any CPU
		{B36C6D96-FA86-4FB3-B561-C32A3DADD3E6}.Release|Any CPU.Build.0 = Release|Any CPU
		{10612B5E-7FD6-4CF2-B434-6C9B68536B05}.Debug|Any CPU.ActiveCfg = Debug|Any CPU
		{10612B5E-7FD6-4CF2-B434-6C9B68536B05}.Debug|Any CPU.Build.0 = Debug|Any CPU
		{10612B5E-7FD6-4CF2-B434-6C9B68536B05}.Release|Any CPU.ActiveCfg = Release|Any CPU
		{10612B5E-7FD6-4CF2-B434-6C9B68536B05}.Release|Any CPU.Build.0 = Release|Any CPU
	EndGlobalSection
	GlobalSection(SolutionProperties) = preSolution
		HideSolutionNode = FALSE
	EndGlobalSection
	GlobalSection(ExtensibilityGlobals) = postSolution
		SolutionGuid = {B952AB78-9B7D-4384-BA9F-AB9B4B211455}
	EndGlobalSection
EndGlobal
